
Microsoft Visual Studio Solution File, Format Version 12.00
# Visual Studio Version 16
VisualStudioVersion = 16.0.30517.126
MinimumVisualStudioVersion = 10.0.40219.1
Project("{FAE04EC0-301F-11D3-BF4B-00C04F79EFBC}") = "Instshot", "Instshot\Instshot.csproj", "{6C008191-AF4E-457D-A7B4-EC639E954915}"
EndProject
Global
	GlobalSection(SolutionConfigurationPlatforms) = preSolution
		Debug|Any CPU = Debug|Any CPU
		Release|Any CPU = Release|Any CPU
	EndGlobalSection
	GlobalSection(ProjectConfigurationPlatforms) = postSolution
		{6C008191-AF4E-457D-A7B4-EC639E954915}.Debug|Any CPU.ActiveCfg = Debug|Any CPU
		{6C008191-AF4E-457D-A7B4-EC639E954915}.Debug|Any CPU.Build.0 = Debug|Any CPU
		{6C008191-AF4E-457D-A7B4-EC639E954915}.Release|Any CPU.ActiveCfg = Release|Any CPU
		{6C008191-AF4E-457D-A7B4-EC639E954915}.Release|Any CPU.Build.0 = Release|Any CPU
	EndGlobalSection
	GlobalSection(SolutionProperties) = preSolution
		HideSolutionNode = FALSE
	EndGlobalSection
	GlobalSection(ExtensibilityGlobals) = postSolution
		SolutionGuid = {FA10BE5B-C3A7-4C26-AC7F-5D1A28C97E93}
	EndGlobalSection
EndGlobal
